// !$*UTF8*$!
{
	archiveVersion = 1;
	classes = {
	};
	objectVersion = 56;
	objects = {

/* Begin PBXBuildFile section */
		E67E9B9B2BE334390011FA61 /* Search.json in Resources */ = {isa = PBXBuildFile; fileRef = E67E9B9A2BE334390011FA61 /* Search.json */; };
		E67E9B9C2BE3515D0011FA61 /* Search.json in Resources */ = {isa = PBXBuildFile; fileRef = E67E9B9A2BE334390011FA61 /* Search.json */; };
		E67E9B9E2BE3592C0011FA61 /* Movie.json in Sources */ = {isa = PBXBuildFile; fileRef = E67E9B9D2BE3592C0011FA61 /* Movie.json */; };
		E67E9B9F2BE359C30011FA61 /* Movie.json in Resources */ = {isa = PBXBuildFile; fileRef = E67E9B9D2BE3592C0011FA61 /* Movie.json */; };
		E67E9BB92BE4197B0011FA61 /* NetworkManagerTests.swift in Sources */ = {isa = PBXBuildFile; fileRef = E67E9BB82BE4197B0011FA61 /* NetworkManagerTests.swift */; };
		E67E9BBB2BE419D40011FA61 /* MockURLprotocol.swift in Sources */ = {isa = PBXBuildFile; fileRef = E67E9BBA2BE419D40011FA61 /* MockURLprotocol.swift */; };
		E67E9BC12BE43F810011FA61 /* Search.swift in Sources */ = {isa = PBXBuildFile; fileRef = E67E9BC02BE43F800011FA61 /* Search.swift */; };
		E67E9BC32BE43FB80011FA61 /* MovieSearchTableViewCell.swift in Sources */ = {isa = PBXBuildFile; fileRef = E67E9BC22BE43FB80011FA61 /* MovieSearchTableViewCell.swift */; };
		E67E9BC52BE43FDC0011FA61 /* FetchError.swift in Sources */ = {isa = PBXBuildFile; fileRef = E67E9BC42BE43FDC0011FA61 /* FetchError.swift */; };
		E67E9BC72BE440050011FA61 /* Constants.swift in Sources */ = {isa = PBXBuildFile; fileRef = E67E9BC62BE440050011FA61 /* Constants.swift */; };
		E67E9BC92BE440200011FA61 /* MovieSearchListViewModel.swift in Sources */ = {isa = PBXBuildFile; fileRef = E67E9BC82BE440200011FA61 /* MovieSearchListViewModel.swift */; };
		E67E9BCB2BE4404A0011FA61 /* DataMockFactory.swift in Sources */ = {isa = PBXBuildFile; fileRef = E67E9BCA2BE4404A0011FA61 /* DataMockFactory.swift */; };
		E67E9C122BE46B240011FA61 /* QuickUIKitDevTools in Frameworks */ = {isa = PBXBuildFile; productRef = E67E9C112BE46B240011FA61 /* QuickUIKitDevTools */; };
		E67E9C162BE4A9270011FA61 /* UIViewController+Extension.swift in Sources */ = {isa = PBXBuildFile; fileRef = E67E9C152BE4A9270011FA61 /* UIViewController+Extension.swift */; };
		E69C0CCD2BE2F14A00D09293 /* MovieSearchListViewControllerTests.swift in Sources */ = {isa = PBXBuildFile; fileRef = E69C0CCC2BE2F14A00D09293 /* MovieSearchListViewControllerTests.swift */; };
		E69C0CCF2BE2F66600D09293 /* MovieSearchListViewModelTests.swift in Sources */ = {isa = PBXBuildFile; fileRef = E69C0CCE2BE2F66600D09293 /* MovieSearchListViewModelTests.swift */; };
		E6AB8A6E2BE1A56100C93686 /* AppDelegate.swift in Sources */ = {isa = PBXBuildFile; fileRef = E6AB8A6D2BE1A56100C93686 /* AppDelegate.swift */; };
		E6AB8A702BE1A56100C93686 /* SceneDelegate.swift in Sources */ = {isa = PBXBuildFile; fileRef = E6AB8A6F2BE1A56100C93686 /* SceneDelegate.swift */; };
		E6AB8A772BE1A56300C93686 /* Assets.xcassets in Resources */ = {isa = PBXBuildFile; fileRef = E6AB8A762BE1A56300C93686 /* Assets.xcassets */; };
		E6AB8A7A2BE1A56300C93686 /* LaunchScreen.storyboard in Resources */ = {isa = PBXBuildFile; fileRef = E6AB8A782BE1A56300C93686 /* LaunchScreen.storyboard */; };
		E6AB8AB32BE1AE8700C93686 /* Movie.swift in Sources */ = {isa = PBXBuildFile; fileRef = E6AB8AB22BE1AE8700C93686 /* Movie.swift */; };
		E6AB8AB62BE1AEC400C93686 /* NetworkManager.swift in Sources */ = {isa = PBXBuildFile; fileRef = E6AB8AB52BE1AEC400C93686 /* NetworkManager.swift */; };
		E6AB8AB92BE1BF6B00C93686 /* MovieSearchListViewController.swift in Sources */ = {isa = PBXBuildFile; fileRef = E6AB8AB82BE1BF6B00C93686 /* MovieSearchListViewController.swift */; };
		E6AB8B522BE2C18800C93686 /* NetworkManagerMock.swift in Sources */ = {isa = PBXBuildFile; fileRef = E6AB8B512BE2C18800C93686 /* NetworkManagerMock.swift */; };
/* End PBXBuildFile section */

/* Begin PBXContainerItemProxy section */
		E6AB8B412BE2BC0800C93686 /* PBXContainerItemProxy */ = {
			isa = PBXContainerItemProxy;
			containerPortal = E6AB8A622BE1A56100C93686 /* Project object */;
			proxyType = 1;
			remoteGlobalIDString = E6AB8A692BE1A56100C93686;
			remoteInfo = EnsembleMoviesInOMDB;
		};
/* End PBXContainerItemProxy section */

/* Begin PBXFileReference section */
		E67E9B9A2BE334390011FA61 /* Search.json */ = {isa = PBXFileReference; lastKnownFileType = text.json; path = Search.json; sourceTree = "<group>"; };
		E67E9B9D2BE3592C0011FA61 /* Movie.json */ = {isa = PBXFileReference; lastKnownFileType = text.json; path = Movie.json; sourceTree = "<group>"; };
		E67E9BB82BE4197B0011FA61 /* NetworkManagerTests.swift */ = {isa = PBXFileReference; lastKnownFileType = sourcecode.swift; path = NetworkManagerTests.swift; sourceTree = "<group>"; };
		E67E9BBA2BE419D40011FA61 /* MockURLprotocol.swift */ = {isa = PBXFileReference; lastKnownFileType = sourcecode.swift; path = MockURLprotocol.swift; sourceTree = "<group>"; };
		E67E9BC02BE43F800011FA61 /* Search.swift */ = {isa = PBXFileReference; fileEncoding = 4; lastKnownFileType = sourcecode.swift; path = Search.swift; sourceTree = "<group>"; };
		E67E9BC22BE43FB80011FA61 /* MovieSearchTableViewCell.swift */ = {isa = PBXFileReference; fileEncoding = 4; lastKnownFileType = sourcecode.swift; path = MovieSearchTableViewCell.swift; sourceTree = "<group>"; };
		E67E9BC42BE43FDC0011FA61 /* FetchError.swift */ = {isa = PBXFileReference; fileEncoding = 4; lastKnownFileType = sourcecode.swift; path = FetchError.swift; sourceTree = "<group>"; };
		E67E9BC62BE440050011FA61 /* Constants.swift */ = {isa = PBXFileReference; fileEncoding = 4; lastKnownFileType = sourcecode.swift; path = Constants.swift; sourceTree = "<group>"; };
		E67E9BC82BE440200011FA61 /* MovieSearchListViewModel.swift */ = {isa = PBXFileReference; fileEncoding = 4; lastKnownFileType = sourcecode.swift; path = MovieSearchListViewModel.swift; sourceTree = "<group>"; };
		E67E9BCA2BE4404A0011FA61 /* DataMockFactory.swift */ = {isa = PBXFileReference; fileEncoding = 4; lastKnownFileType = sourcecode.swift; path = DataMockFactory.swift; sourceTree = "<group>"; };
		E67E9C152BE4A9270011FA61 /* UIViewController+Extension.swift */ = {isa = PBXFileReference; lastKnownFileType = sourcecode.swift; path = "UIViewController+Extension.swift"; sourceTree = "<group>"; };
		E69C0CCC2BE2F14A00D09293 /* MovieSearchListViewControllerTests.swift */ = {isa = PBXFileReference; lastKnownFileType = sourcecode.swift; path = MovieSearchListViewControllerTests.swift; sourceTree = "<group>"; };
		E69C0CCE2BE2F66600D09293 /* MovieSearchListViewModelTests.swift */ = {isa = PBXFileReference; lastKnownFileType = sourcecode.swift; path = MovieSearchListViewModelTests.swift; sourceTree = "<group>"; };
		E6AB8A6A2BE1A56100C93686 /* EnsembleMoviesInOMDB.app */ = {isa = PBXFileReference; explicitFileType = wrapper.application; includeInIndex = 0; path = EnsembleMoviesInOMDB.app; sourceTree = BUILT_PRODUCTS_DIR; };
		E6AB8A6D2BE1A56100C93686 /* AppDelegate.swift */ = {isa = PBXFileReference; lastKnownFileType = sourcecode.swift; path = AppDelegate.swift; sourceTree = "<group>"; };
		E6AB8A6F2BE1A56100C93686 /* SceneDelegate.swift */ = {isa = PBXFileReference; lastKnownFileType = sourcecode.swift; path = SceneDelegate.swift; sourceTree = "<group>"; };
		E6AB8A762BE1A56300C93686 /* Assets.xcassets */ = {isa = PBXFileReference; lastKnownFileType = folder.assetcatalog; path = Assets.xcassets; sourceTree = "<group>"; };
		E6AB8A792BE1A56300C93686 /* Base */ = {isa = PBXFileReference; lastKnownFileType = file.storyboard; name = Base; path = Base.lproj/LaunchScreen.storyboard; sourceTree = "<group>"; };
		E6AB8A7B2BE1A56300C93686 /* Info.plist */ = {isa = PBXFileReference; lastKnownFileType = text.plist.xml; path = Info.plist; sourceTree = "<group>"; };
		E6AB8AB22BE1AE8700C93686 /* Movie.swift */ = {isa = PBXFileReference; lastKnownFileType = sourcecode.swift; path = Movie.swift; sourceTree = "<group>"; };
		E6AB8AB52BE1AEC400C93686 /* NetworkManager.swift */ = {isa = PBXFileReference; lastKnownFileType = sourcecode.swift; path = NetworkManager.swift; sourceTree = "<group>"; };
		E6AB8AB82BE1BF6B00C93686 /* MovieSearchListViewController.swift */ = {isa = PBXFileReference; lastKnownFileType = sourcecode.swift; path = MovieSearchListViewController.swift; sourceTree = "<group>"; };
		E6AB8B3D2BE2BC0700C93686 /* EnsembleMoviesInOMDBTests.xctest */ = {isa = PBXFileReference; explicitFileType = wrapper.cfbundle; includeInIndex = 0; path = EnsembleMoviesInOMDBTests.xctest; sourceTree = BUILT_PRODUCTS_DIR; };
		E6AB8B512BE2C18800C93686 /* NetworkManagerMock.swift */ = {isa = PBXFileReference; fileEncoding = 4; lastKnownFileType = sourcecode.swift; path = NetworkManagerMock.swift; sourceTree = "<group>"; };
/* End PBXFileReference section */

/* Begin PBXFrameworksBuildPhase section */
		E6AB8A672BE1A56100C93686 /* Frameworks */ = {
			isa = PBXFrameworksBuildPhase;
			buildActionMask = 2147483647;
			files = (
				E67E9C122BE46B240011FA61 /* QuickUIKitDevTools in Frameworks */,
			);
			runOnlyForDeploymentPostprocessing = 0;
		};
		E6AB8B3A2BE2BC0700C93686 /* Frameworks */ = {
			isa = PBXFrameworksBuildPhase;
			buildActionMask = 2147483647;
			files = (
			);
			runOnlyForDeploymentPostprocessing = 0;
		};
/* End PBXFrameworksBuildPhase section */

/* Begin PBXGroup section */
		E67E9B992BE333F90011FA61 /* Mock Models */ = {
			isa = PBXGroup;
			children = (
				E67E9B9D2BE3592C0011FA61 /* Movie.json */,
				E67E9B9A2BE334390011FA61 /* Search.json */,
			);
			path = "Mock Models";
			sourceTree = "<group>";
		};
		E67E9BB52BE419150011FA61 /* Service */ = {
			isa = PBXGroup;
			children = (
				E67E9BB82BE4197B0011FA61 /* NetworkManagerTests.swift */,
			);
			path = Service;
			sourceTree = "<group>";
		};
		E67E9C4B2BE4DFB00011FA61 /* Frameworks */ = {
			isa = PBXGroup;
			children = (
			);
			name = Frameworks;
			sourceTree = "<group>";
		};
		E69C0CCB2BE2F12C00D09293 /* Search Movie */ = {
			isa = PBXGroup;
			children = (
				E69C0CCC2BE2F14A00D09293 /* MovieSearchListViewControllerTests.swift */,
				E69C0CCE2BE2F66600D09293 /* MovieSearchListViewModelTests.swift */,
			);
			path = "Search Movie";
			sourceTree = "<group>";
		};
		E6AB8A612BE1A56100C93686 = {
			isa = PBXGroup;
			children = (
				E6AB8A6C2BE1A56100C93686 /* EnsembleMoviesInOMDB */,
				E6AB8B3E2BE2BC0700C93686 /* EnsembleMoviesInOMDBTests */,
				E6AB8A6B2BE1A56100C93686 /* Products */,
				E67E9C4B2BE4DFB00011FA61 /* Frameworks */,
			);
			sourceTree = "<group>";
		};
		E6AB8A6B2BE1A56100C93686 /* Products */ = {
			isa = PBXGroup;
			children = (
				E6AB8A6A2BE1A56100C93686 /* EnsembleMoviesInOMDB.app */,
				E6AB8B3D2BE2BC0700C93686 /* EnsembleMoviesInOMDBTests.xctest */,
			);
			name = Products;
			sourceTree = "<group>";
		};
		E6AB8A6C2BE1A56100C93686 /* EnsembleMoviesInOMDB */ = {
			isa = PBXGroup;
			children = (
				E6AB8A7B2BE1A56300C93686 /* Info.plist */,
				E6AB8A9D2BE1A59D00C93686 /* Supporting */,
				E6AB8AB42BE1AEA200C93686 /* Services */,
				E6AB8B052BE1C32B00C93686 /* Models */,
				E6AB8B062BE1C34000C93686 /* Features */,
			);
			path = EnsembleMoviesInOMDB;
			sourceTree = "<group>";
		};
		E6AB8A9D2BE1A59D00C93686 /* Supporting */ = {
			isa = PBXGroup;
			children = (
				E6AB8A9F2BE1ADCB00C93686 /* Extensions */,
				E6AB8A6D2BE1A56100C93686 /* AppDelegate.swift */,
				E6AB8A6F2BE1A56100C93686 /* SceneDelegate.swift */,
				E6AB8A762BE1A56300C93686 /* Assets.xcassets */,
				E6AB8A782BE1A56300C93686 /* LaunchScreen.storyboard */,
				E67E9BC62BE440050011FA61 /* Constants.swift */,
			);
			path = Supporting;
			sourceTree = "<group>";
		};
		E6AB8A9F2BE1ADCB00C93686 /* Extensions */ = {
			isa = PBXGroup;
			children = (
				E67E9C152BE4A9270011FA61 /* UIViewController+Extension.swift */,
			);
			path = Extensions;
			sourceTree = "<group>";
		};
		E6AB8AB12BE1AE7200C93686 /* Search Movie */ = {
			isa = PBXGroup;
			children = (
				E6AB8AB82BE1BF6B00C93686 /* MovieSearchListViewController.swift */,
				E67E9BC22BE43FB80011FA61 /* MovieSearchTableViewCell.swift */,
				E67E9BC82BE440200011FA61 /* MovieSearchListViewModel.swift */,
			);
			path = "Search Movie";
			sourceTree = "<group>";
		};
		E6AB8AB42BE1AEA200C93686 /* Services */ = {
			isa = PBXGroup;
			children = (
				E6AB8AB52BE1AEC400C93686 /* NetworkManager.swift */,
				E67E9BC42BE43FDC0011FA61 /* FetchError.swift */,
			);
			path = Services;
			sourceTree = "<group>";
		};
		E6AB8B052BE1C32B00C93686 /* Models */ = {
			isa = PBXGroup;
			children = (
				E6AB8AB22BE1AE8700C93686 /* Movie.swift */,
				E67E9BC02BE43F800011FA61 /* Search.swift */,
			);
			path = Models;
			sourceTree = "<group>";
		};
		E6AB8B062BE1C34000C93686 /* Features */ = {
			isa = PBXGroup;
			children = (
				E6AB8AB12BE1AE7200C93686 /* Search Movie */,
			);
			path = Features;
			sourceTree = "<group>";
		};
		E6AB8B3E2BE2BC0700C93686 /* EnsembleMoviesInOMDBTests */ = {
			isa = PBXGroup;
			children = (
				E67E9BB52BE419150011FA61 /* Service */,
				E6AB8B532BE2C9B300C93686 /* Features */,
				E6AB8B4C2BE2C0CE00C93686 /* Mocks */,
			);
			path = EnsembleMoviesInOMDBTests;
			sourceTree = "<group>";
		};
		E6AB8B4C2BE2C0CE00C93686 /* Mocks */ = {
			isa = PBXGroup;
			children = (
				E67E9B992BE333F90011FA61 /* Mock Models */,
				E6AB8B512BE2C18800C93686 /* NetworkManagerMock.swift */,
				E67E9BBA2BE419D40011FA61 /* MockURLprotocol.swift */,
				E67E9BCA2BE4404A0011FA61 /* DataMockFactory.swift */,
			);
			path = Mocks;
			sourceTree = "<group>";
		};
		E6AB8B532BE2C9B300C93686 /* Features */ = {
			isa = PBXGroup;
			children = (
				E69C0CCB2BE2F12C00D09293 /* Search Movie */,
			);
			path = Features;
			sourceTree = "<group>";
		};
/* End PBXGroup section */

/* Begin PBXNativeTarget section */
		E6AB8A692BE1A56100C93686 /* EnsembleMoviesInOMDB */ = {
			isa = PBXNativeTarget;
			buildConfigurationList = E6AB8A942BE1A56400C93686 /* Build configuration list for PBXNativeTarget "EnsembleMoviesInOMDB" */;
			buildPhases = (
				E6AB8A662BE1A56100C93686 /* Sources */,
				E6AB8A672BE1A56100C93686 /* Frameworks */,
				E6AB8A682BE1A56100C93686 /* Resources */,
			);
			buildRules = (
			);
			dependencies = (
			);
			name = EnsembleMoviesInOMDB;
			packageProductDependencies = (
				E67E9C112BE46B240011FA61 /* QuickUIKitDevTools */,
			);
			productName = EmsembleMoviesInOMDB;
			productReference = E6AB8A6A2BE1A56100C93686 /* EnsembleMoviesInOMDB.app */;
			productType = "com.apple.product-type.application";
		};
		E6AB8B3C2BE2BC0700C93686 /* EnsembleMoviesInOMDBTests */ = {
			isa = PBXNativeTarget;
			buildConfigurationList = E6AB8B432BE2BC0800C93686 /* Build configuration list for PBXNativeTarget "EnsembleMoviesInOMDBTests" */;
			buildPhases = (
				E6AB8B392BE2BC0700C93686 /* Sources */,
				E6AB8B3A2BE2BC0700C93686 /* Frameworks */,
				E6AB8B3B2BE2BC0700C93686 /* Resources */,
			);
			buildRules = (
			);
			dependencies = (
				E6AB8B422BE2BC0800C93686 /* PBXTargetDependency */,
			);
			name = EnsembleMoviesInOMDBTests;
			productName = EnsembleMoviesInOMDBTests;
			productReference = E6AB8B3D2BE2BC0700C93686 /* EnsembleMoviesInOMDBTests.xctest */;
			productType = "com.apple.product-type.bundle.unit-test";
		};
/* End PBXNativeTarget section */

/* Begin PBXProject section */
		E6AB8A622BE1A56100C93686 /* Project object */ = {
			isa = PBXProject;
			attributes = {
				BuildIndependentTargetsInParallel = 1;
				LastSwiftUpdateCheck = 1500;
				LastUpgradeCheck = 1500;
				TargetAttributes = {
					E6AB8A692BE1A56100C93686 = {
						CreatedOnToolsVersion = 15.0.1;
					};
					E6AB8B3C2BE2BC0700C93686 = {
						CreatedOnToolsVersion = 15.0.1;
						TestTargetID = E6AB8A692BE1A56100C93686;
					};
				};
			};
			buildConfigurationList = E6AB8A652BE1A56100C93686 /* Build configuration list for PBXProject "EnsembleMoviesInOMDB" */;
			compatibilityVersion = "Xcode 14.0";
			developmentRegion = en;
			hasScannedForEncodings = 0;
			knownRegions = (
				en,
				Base,
			);
			mainGroup = E6AB8A612BE1A56100C93686;
			packageReferences = (
				E67E9C102BE46B240011FA61 /* XCRemoteSwiftPackageReference "QuickUIKitDevTools" */,
			);
			productRefGroup = E6AB8A6B2BE1A56100C93686 /* Products */;
			projectDirPath = "";
			projectRoot = "";
			targets = (
				E6AB8A692BE1A56100C93686 /* EnsembleMoviesInOMDB */,
				E6AB8B3C2BE2BC0700C93686 /* EnsembleMoviesInOMDBTests */,
			);
		};
/* End PBXProject section */

/* Begin PBXResourcesBuildPhase section */
		E6AB8A682BE1A56100C93686 /* Resources */ = {
			isa = PBXResourcesBuildPhase;
			buildActionMask = 2147483647;
			files = (
				E6AB8A7A2BE1A56300C93686 /* LaunchScreen.storyboard in Resources */,
				E6AB8A772BE1A56300C93686 /* Assets.xcassets in Resources */,
				E67E9B9F2BE359C30011FA61 /* Movie.json in Resources */,
				E67E9B9C2BE3515D0011FA61 /* Search.json in Resources */,
			);
			runOnlyForDeploymentPostprocessing = 0;
		};
		E6AB8B3B2BE2BC0700C93686 /* Resources */ = {
			isa = PBXResourcesBuildPhase;
			buildActionMask = 2147483647;
			files = (
				E67E9B9B2BE334390011FA61 /* Search.json in Resources */,
			);
			runOnlyForDeploymentPostprocessing = 0;
		};
/* End PBXResourcesBuildPhase section */

/* Begin PBXSourcesBuildPhase section */
		E6AB8A662BE1A56100C93686 /* Sources */ = {
			isa = PBXSourcesBuildPhase;
			buildActionMask = 2147483647;
			files = (
				E6AB8AB62BE1AEC400C93686 /* NetworkManager.swift in Sources */,
				E6AB8AB92BE1BF6B00C93686 /* MovieSearchListViewController.swift in Sources */,
				E6AB8A6E2BE1A56100C93686 /* AppDelegate.swift in Sources */,
				E67E9C162BE4A9270011FA61 /* UIViewController+Extension.swift in Sources */,
				E67E9BC12BE43F810011FA61 /* Search.swift in Sources */,
				E6AB8A702BE1A56100C93686 /* SceneDelegate.swift in Sources */,
				E67E9BC92BE440200011FA61 /* MovieSearchListViewModel.swift in Sources */,
				E67E9BC32BE43FB80011FA61 /* MovieSearchTableViewCell.swift in Sources */,
				E67E9BC52BE43FDC0011FA61 /* FetchError.swift in Sources */,
				E6AB8AB32BE1AE8700C93686 /* Movie.swift in Sources */,
				E67E9BC72BE440050011FA61 /* Constants.swift in Sources */,
			);
			runOnlyForDeploymentPostprocessing = 0;
		};
		E6AB8B392BE2BC0700C93686 /* Sources */ = {
			isa = PBXSourcesBuildPhase;
			buildActionMask = 2147483647;
			files = (
				E67E9BB92BE4197B0011FA61 /* NetworkManagerTests.swift in Sources */,
				E69C0CCD2BE2F14A00D09293 /* MovieSearchListViewControllerTests.swift in Sources */,
				E67E9BCB2BE4404A0011FA61 /* DataMockFactory.swift in Sources */,
				E69C0CCF2BE2F66600D09293 /* MovieSearchListViewModelTests.swift in Sources */,
				E67E9BBB2BE419D40011FA61 /* MockURLprotocol.swift in Sources */,
				E6AB8B522BE2C18800C93686 /* NetworkManagerMock.swift in Sources */,
				E67E9B9E2BE3592C0011FA61 /* Movie.json in Sources */,
			);
			runOnlyForDeploymentPostprocessing = 0;
		};
/* End PBXSourcesBuildPhase section */

/* Begin PBXTargetDependency section */
		E6AB8B422BE2BC0800C93686 /* PBXTargetDependency */ = {
			isa = PBXTargetDependency;
			target = E6AB8A692BE1A56100C93686 /* EnsembleMoviesInOMDB */;
			targetProxy = E6AB8B412BE2BC0800C93686 /* PBXContainerItemProxy */;
		};
/* End PBXTargetDependency section */

/* Begin PBXVariantGroup section */
		E6AB8A782BE1A56300C93686 /* LaunchScreen.storyboard */ = {
			isa = PBXVariantGroup;
			children = (
				E6AB8A792BE1A56300C93686 /* Base */,
			);
			name = LaunchScreen.storyboard;
			sourceTree = "<group>";
		};
/* End PBXVariantGroup section */

/* Begin XCBuildConfiguration section */
		E6AB8A922BE1A56400C93686 /* Debug */ = {
			isa = XCBuildConfiguration;
			buildSettings = {
				ALWAYS_SEARCH_USER_PATHS = NO;
				ASSETCATALOG_COMPILER_GENERATE_SWIFT_ASSET_SYMBOL_EXTENSIONS = YES;
				CLANG_ANALYZER_NONNULL = YES;
				CLANG_ANALYZER_NUMBER_OBJECT_CONVERSION = YES_AGGRESSIVE;
				CLANG_CXX_LANGUAGE_STANDARD = "gnu++20";
				CLANG_ENABLE_MODULES = YES;
				CLANG_ENABLE_OBJC_ARC = YES;
				CLANG_ENABLE_OBJC_WEAK = YES;
				CLANG_WARN_BLOCK_CAPTURE_AUTORELEASING = YES;
				CLANG_WARN_BOOL_CONVERSION = YES;
				CLANG_WARN_COMMA = YES;
				CLANG_WARN_CONSTANT_CONVERSION = YES;
				CLANG_WARN_DEPRECATED_OBJC_IMPLEMENTATIONS = YES;
				CLANG_WARN_DIRECT_OBJC_ISA_USAGE = YES_ERROR;
				CLANG_WARN_DOCUMENTATION_COMMENTS = YES;
				CLANG_WARN_EMPTY_BODY = YES;
				CLANG_WARN_ENUM_CONVERSION = YES;
				CLANG_WARN_INFINITE_RECURSION = YES;
				CLANG_WARN_INT_CONVERSION = YES;
				CLANG_WARN_NON_LITERAL_NULL_CONVERSION = YES;
				CLANG_WARN_OBJC_IMPLICIT_RETAIN_SELF = YES;
				CLANG_WARN_OBJC_LITERAL_CONVERSION = YES;
				CLANG_WARN_OBJC_ROOT_CLASS = YES_ERROR;
				CLANG_WARN_QUOTED_INCLUDE_IN_FRAMEWORK_HEADER = YES;
				CLANG_WARN_RANGE_LOOP_ANALYSIS = YES;
				CLANG_WARN_STRICT_PROTOTYPES = YES;
				CLANG_WARN_SUSPICIOUS_MOVE = YES;
				CLANG_WARN_UNGUARDED_AVAILABILITY = YES_AGGRESSIVE;
				CLANG_WARN_UNREACHABLE_CODE = YES;
				CLANG_WARN__DUPLICATE_METHOD_MATCH = YES;
				COPY_PHASE_STRIP = NO;
				DEBUG_INFORMATION_FORMAT = dwarf;
				ENABLE_STRICT_OBJC_MSGSEND = YES;
				ENABLE_TESTABILITY = YES;
				ENABLE_USER_SCRIPT_SANDBOXING = NO;
				GCC_C_LANGUAGE_STANDARD = gnu17;
				GCC_DYNAMIC_NO_PIC = NO;
				GCC_NO_COMMON_BLOCKS = YES;
				GCC_OPTIMIZATION_LEVEL = 0;
				GCC_PREPROCESSOR_DEFINITIONS = (
					"DEBUG=1",
					"$(inherited)",
				);
				GCC_WARN_64_TO_32_BIT_CONVERSION = YES;
				GCC_WARN_ABOUT_RETURN_TYPE = YES_ERROR;
				GCC_WARN_UNDECLARED_SELECTOR = YES;
				GCC_WARN_UNINITIALIZED_AUTOS = YES_AGGRESSIVE;
				GCC_WARN_UNUSED_FUNCTION = YES;
				GCC_WARN_UNUSED_VARIABLE = YES;
				IPHONEOS_DEPLOYMENT_TARGET = 17.0;
				LOCALIZATION_PREFERS_STRING_CATALOGS = YES;
				MTL_ENABLE_DEBUG_INFO = INCLUDE_SOURCE;
				MTL_FAST_MATH = YES;
				ONLY_ACTIVE_ARCH = YES;
				SDKROOT = iphoneos;
				SWIFT_ACTIVE_COMPILATION_CONDITIONS = "DEBUG $(inherited)";
				SWIFT_OPTIMIZATION_LEVEL = "-Onone";
			};
			name = Debug;
		};
		E6AB8A932BE1A56400C93686 /* Release */ = {
			isa = XCBuildConfiguration;
			buildSettings = {
				ALWAYS_SEARCH_USER_PATHS = NO;
				ASSETCATALOG_COMPILER_GENERATE_SWIFT_ASSET_SYMBOL_EXTENSIONS = YES;
				CLANG_ANALYZER_NONNULL = YES;
				CLANG_ANALYZER_NUMBER_OBJECT_CONVERSION = YES_AGGRESSIVE;
				CLANG_CXX_LANGUAGE_STANDARD = "gnu++20";
				CLANG_ENABLE_MODULES = YES;
				CLANG_ENABLE_OBJC_ARC = YES;
				CLANG_ENABLE_OBJC_WEAK = YES;
				CLANG_WARN_BLOCK_CAPTURE_AUTORELEASING = YES;
				CLANG_WARN_BOOL_CONVERSION = YES;
				CLANG_WARN_COMMA = YES;
				CLANG_WARN_CONSTANT_CONVERSION = YES;
				CLANG_WARN_DEPRECATED_OBJC_IMPLEMENTATIONS = YES;
				CLANG_WARN_DIRECT_OBJC_ISA_USAGE = YES_ERROR;
				CLANG_WARN_DOCUMENTATION_COMMENTS = YES;
				CLANG_WARN_EMPTY_BODY = YES;
				CLANG_WARN_ENUM_CONVERSION = YES;
				CLANG_WARN_INFINITE_RECURSION = YES;
				CLANG_WARN_INT_CONVERSION = YES;
				CLANG_WARN_NON_LITERAL_NULL_CONVERSION = YES;
				CLANG_WARN_OBJC_IMPLICIT_RETAIN_SELF = YES;
				CLANG_WARN_OBJC_LITERAL_CONVERSION = YES;
				CLANG_WARN_OBJC_ROOT_CLASS = YES_ERROR;
				CLANG_WARN_QUOTED_INCLUDE_IN_FRAMEWORK_HEADER = YES;
				CLANG_WARN_RANGE_LOOP_ANALYSIS = YES;
				CLANG_WARN_STRICT_PROTOTYPES = YES;
				CLANG_WARN_SUSPICIOUS_MOVE = YES;
				CLANG_WARN_UNGUARDED_AVAILABILITY = YES_AGGRESSIVE;
				CLANG_WARN_UNREACHABLE_CODE = YES;
				CLANG_WARN__DUPLICATE_METHOD_MATCH = YES;
				COPY_PHASE_STRIP = NO;
				DEBUG_INFORMATION_FORMAT = "dwarf-with-dsym";
				ENABLE_NS_ASSERTIONS = NO;
				ENABLE_STRICT_OBJC_MSGSEND = YES;
				ENABLE_USER_SCRIPT_SANDBOXING = NO;
				GCC_C_LANGUAGE_STANDARD = gnu17;
				GCC_NO_COMMON_BLOCKS = YES;
				GCC_WARN_64_TO_32_BIT_CONVERSION = YES;
				GCC_WARN_ABOUT_RETURN_TYPE = YES_ERROR;
				GCC_WARN_UNDECLARED_SELECTOR = YES;
				GCC_WARN_UNINITIALIZED_AUTOS = YES_AGGRESSIVE;
				GCC_WARN_UNUSED_FUNCTION = YES;
				GCC_WARN_UNUSED_VARIABLE = YES;
				IPHONEOS_DEPLOYMENT_TARGET = 17.0;
				LOCALIZATION_PREFERS_STRING_CATALOGS = YES;
				MTL_ENABLE_DEBUG_INFO = NO;
				MTL_FAST_MATH = YES;
				SDKROOT = iphoneos;
				SWIFT_COMPILATION_MODE = wholemodule;
				VALIDATE_PRODUCT = YES;
			};
			name = Release;
		};
		E6AB8A952BE1A56400C93686 /* Debug */ = {
			isa = XCBuildConfiguration;
			buildSettings = {
				ASSETCATALOG_COMPILER_APPICON_NAME = AppIcon;
				ASSETCATALOG_COMPILER_GLOBAL_ACCENT_COLOR_NAME = AccentColor;
				CODE_SIGN_STYLE = Automatic;
				CURRENT_PROJECT_VERSION = 1;
				DEVELOPMENT_TEAM = 987J4BXX78;
				GENERATE_INFOPLIST_FILE = YES;
				INFOPLIST_FILE = EnsembleMoviesInOMDB/Info.plist;
				INFOPLIST_KEY_UIApplicationSupportsIndirectInputEvents = YES;
				INFOPLIST_KEY_UILaunchStoryboardName = LaunchScreen;
				INFOPLIST_KEY_UISupportedInterfaceOrientations_iPad = "UIInterfaceOrientationPortrait UIInterfaceOrientationPortraitUpsideDown UIInterfaceOrientationLandscapeLeft UIInterfaceOrientationLandscapeRight";
				INFOPLIST_KEY_UISupportedInterfaceOrientations_iPhone = "UIInterfaceOrientationPortrait UIInterfaceOrientationLandscapeLeft UIInterfaceOrientationLandscapeRight";
				LD_RUNPATH_SEARCH_PATHS = (
					"$(inherited)",
					"@executable_path/Frameworks",
				);
				MARKETING_VERSION = 1.0;
				PRODUCT_BUNDLE_IDENTIFIER = com.LucasCB.EnsembleMoviesInOMDB;
				PRODUCT_NAME = "$(TARGET_NAME)";
				SWIFT_EMIT_LOC_STRINGS = YES;
				SWIFT_VERSION = 5.0;
				TARGETED_DEVICE_FAMILY = "1,2";
			};
			name = Debug;
		};
		E6AB8A962BE1A56400C93686 /* Release */ = {
			isa = XCBuildConfiguration;
			buildSettings = {
				ASSETCATALOG_COMPILER_APPICON_NAME = AppIcon;
				ASSETCATALOG_COMPILER_GLOBAL_ACCENT_COLOR_NAME = AccentColor;
				CODE_SIGN_STYLE = Automatic;
				CURRENT_PROJECT_VERSION = 1;
				DEVELOPMENT_TEAM = 987J4BXX78;
				GENERATE_INFOPLIST_FILE = YES;
				INFOPLIST_FILE = EnsembleMoviesInOMDB/Info.plist;
				INFOPLIST_KEY_UIApplicationSupportsIndirectInputEvents = YES;
				INFOPLIST_KEY_UILaunchStoryboardName = LaunchScreen;
				INFOPLIST_KEY_UISupportedInterfaceOrientations_iPad = "UIInterfaceOrientationPortrait UIInterfaceOrientationPortraitUpsideDown UIInterfaceOrientationLandscapeLeft UIInterfaceOrientationLandscapeRight";
				INFOPLIST_KEY_UISupportedInterfaceOrientations_iPhone = "UIInterfaceOrientationPortrait UIInterfaceOrientationLandscapeLeft UIInterfaceOrientationLandscapeRight";
				LD_RUNPATH_SEARCH_PATHS = (
					"$(inherited)",
					"@executable_path/Frameworks",
				);
				MARKETING_VERSION = 1.0;
				PRODUCT_BUNDLE_IDENTIFIER = com.LucasCB.EnsembleMoviesInOMDB;
				PRODUCT_NAME = "$(TARGET_NAME)";
				SWIFT_EMIT_LOC_STRINGS = YES;
				SWIFT_VERSION = 5.0;
				TARGETED_DEVICE_FAMILY = "1,2";
			};
			name = Release;
		};
		E6AB8B442BE2BC0800C93686 /* Debug */ = {
			isa = XCBuildConfiguration;
			buildSettings = {
				BUNDLE_LOADER = "$(TEST_HOST)";
				CODE_SIGN_STYLE = Automatic;
				CURRENT_PROJECT_VERSION = 1;
				DEVELOPMENT_TEAM = 987J4BXX78;
				GENERATE_INFOPLIST_FILE = YES;
				MARKETING_VERSION = 1.0;
				PRODUCT_BUNDLE_IDENTIFIER = com.LucasCB.EnsembleMoviesInOMDBTests;
				PRODUCT_NAME = "$(TARGET_NAME)";
				SWIFT_EMIT_LOC_STRINGS = NO;
				SWIFT_VERSION = 5.0;
				TARGETED_DEVICE_FAMILY = "1,2";
				TEST_HOST = "$(BUILT_PRODUCTS_DIR)/EnsembleMoviesInOMDB.app/$(BUNDLE_EXECUTABLE_FOLDER_PATH)/EnsembleMoviesInOMDB";
			};
			name = Debug;
		};
		E6AB8B452BE2BC0800C93686 /* Release */ = {
			isa = XCBuildConfiguration;
			buildSettings = {
				BUNDLE_LOADER = "$(TEST_HOST)";
				CODE_SIGN_STYLE = Automatic;
				CURRENT_PROJECT_VERSION = 1;
				DEVELOPMENT_TEAM = 987J4BXX78;
				GENERATE_INFOPLIST_FILE = YES;
				MARKETING_VERSION = 1.0;
				PRODUCT_BUNDLE_IDENTIFIER = com.LucasCB.EnsembleMoviesInOMDBTests;
				PRODUCT_NAME = "$(TARGET_NAME)";
				SWIFT_EMIT_LOC_STRINGS = NO;
				SWIFT_VERSION = 5.0;
				TARGETED_DEVICE_FAMILY = "1,2";
				TEST_HOST = "$(BUILT_PRODUCTS_DIR)/EnsembleMoviesInOMDB.app/$(BUNDLE_EXECUTABLE_FOLDER_PATH)/EnsembleMoviesInOMDB";
			};
			name = Release;
		};
/* End XCBuildConfiguration section */

/* Begin XCConfigurationList section */
		E6AB8A652BE1A56100C93686 /* Build configuration list for PBXProject "EnsembleMoviesInOMDB" */ = {
			isa = XCConfigurationList;
			buildConfigurations = (
				E6AB8A922BE1A56400C93686 /* Debug */,
				E6AB8A932BE1A56400C93686 /* Release */,
			);
			defaultConfigurationIsVisible = 0;
			defaultConfigurationName = Release;
		};
		E6AB8A942BE1A56400C93686 /* Build configuration list for PBXNativeTarget "EnsembleMoviesInOMDB" */ = {
			isa = XCConfigurationList;
			buildConfigurations = (
				E6AB8A952BE1A56400C93686 /* Debug */,
				E6AB8A962BE1A56400C93686 /* Release */,
			);
			defaultConfigurationIsVisible = 0;
			defaultConfigurationName = Release;
		};
		E6AB8B432BE2BC0800C93686 /* Build configuration list for PBXNativeTarget "EnsembleMoviesInOMDBTests" */ = {
			isa = XCConfigurationList;
			buildConfigurations = (
				E6AB8B442BE2BC0800C93686 /* Debug */,
				E6AB8B452BE2BC0800C93686 /* Release */,
			);
			defaultConfigurationIsVisible = 0;
			defaultConfigurationName = Release;
		};
/* End XCConfigurationList section */

/* Begin XCRemoteSwiftPackageReference section */
		E67E9C102BE46B240011FA61 /* XCRemoteSwiftPackageReference "QuickUIKitDevTools" */ = {
			isa = XCRemoteSwiftPackageReference;
			repositoryURL = "https://github.com/LucasCBarros/QuickUIKitDevTools.git";
			requirement = {
				branch = main;
				kind = branch;
			};
		};
/* End XCRemoteSwiftPackageReference section */

/* Begin XCSwiftPackageProductDependency section */
		E67E9C112BE46B240011FA61 /* QuickUIKitDevTools */ = {
			isa = XCSwiftPackageProductDependency;
			package = E67E9C102BE46B240011FA61 /* XCRemoteSwiftPackageReference "QuickUIKitDevTools" */;
			productName = QuickUIKitDevTools;
		};
/* End XCSwiftPackageProductDependency section */
	};
	rootObject = E6AB8A622BE1A56100C93686 /* Project object */;
}
